
Microsoft Visual Studio Solution File, Format Version 12.00
# Visual Studio Version 16
VisualStudioVersion = 16.0.31424.327
MinimumVisualStudioVersion = 10.0.40219.1
Project("{FAE04EC0-301F-11D3-BF4B-00C04F79EFBC}") = "Cadastro_Pessoa", "Cadastro_Pessoa\Cadastro_Pessoa.csproj", "{ACAD1417-FAA8-428A-BA25-D65FC34BD525}"
EndProject
Global
	GlobalSection(SolutionConfigurationPlatforms) = preSolution
		Debug|Any CPU = Debug|Any CPU
		Release|Any CPU = Release|Any CPU
	EndGlobalSection
	GlobalSection(ProjectConfigurationPlatforms) = postSolution
		{ACAD1417-FAA8-428A-BA25-D65FC34BD525}.Debug|Any CPU.ActiveCfg = Debug|Any CPU
		{ACAD1417-FAA8-428A-BA25-D65FC34BD525}.Debug|Any CPU.Build.0 = Debug|Any CPU
		{ACAD1417-FAA8-428A-BA25-D65FC34BD525}.Release|Any CPU.ActiveCfg = Release|Any CPU
		{ACAD1417-FAA8-428A-BA25-D65FC34BD525}.Release|Any CPU.Build.0 = Release|Any CPU
	EndGlobalSection
	GlobalSection(SolutionProperties) = preSolution
		HideSolutionNode = FALSE
	EndGlobalSection
	GlobalSection(ExtensibilityGlobals) = postSolution
		SolutionGuid = {DF3FB5E6-E749-455C-B143-7A9B71973DD8}
	EndGlobalSection
EndGlobal
